// !$*UTF8*$!
{
	archiveVersion = 1;
	classes = {
	};
	objectVersion = 55;
	objects = {

/* Begin PBXBuildFile section */
		A8033FFB29C13DE1007FA9EF /* SeleccionarContactosView.swift in Sources */ = {isa = PBXBuildFile; fileRef = A8033FFA29C13DE1007FA9EF /* SeleccionarContactosView.swift */; };
		A87FF99B29CA66E8001CB328 /* RegisterView.swift in Sources */ = {isa = PBXBuildFile; fileRef = A87FF99A29CA66E8001CB328 /* RegisterView.swift */; };
		A897CE1129B7FE3F00BE3E5C /* Panic_ButtonApp.swift in Sources */ = {isa = PBXBuildFile; fileRef = A897CE1029B7FE3F00BE3E5C /* Panic_ButtonApp.swift */; };
		A897CE1329B7FE3F00BE3E5C /* ContentView.swift in Sources */ = {isa = PBXBuildFile; fileRef = A897CE1229B7FE3F00BE3E5C /* ContentView.swift */; };
		A897CE1529B7FE4000BE3E5C /* Assets.xcassets in Resources */ = {isa = PBXBuildFile; fileRef = A897CE1429B7FE4000BE3E5C /* Assets.xcassets */; };
		A897CE1829B7FE4000BE3E5C /* Preview Assets.xcassets in Resources */ = {isa = PBXBuildFile; fileRef = A897CE1729B7FE4000BE3E5C /* Preview Assets.xcassets */; };
		A8EAC66629EF607E0035E706 /* K44XEWK-alarm-fire-alarm-buzzer-01.mp3 in Resources */ = {isa = PBXBuildFile; fileRef = A8EAC66529EF607E0035E706 /* K44XEWK-alarm-fire-alarm-buzzer-01.mp3 */; };
		A8EFB40B29BAA54E00B5C742 /* PermissionsView.swift in Sources */ = {isa = PBXBuildFile; fileRef = A8EFB40A29BAA54E00B5C742 /* PermissionsView.swift */; };
		CA4F35D329D3A96C00C66AC8 /* ContactsViewModel.swift in Sources */ = {isa = PBXBuildFile; fileRef = CA4F35D229D3A96C00C66AC8 /* ContactsViewModel.swift */; };
		CA5FD2D329CA678F00E87463 /* CustomField.swift in Sources */ = {isa = PBXBuildFile; fileRef = CA5FD2D229CA678F00E87463 /* CustomField.swift */; };
		CA5FD2D529CA6A3300E87463 /* DefineMessageView.swift in Sources */ = {isa = PBXBuildFile; fileRef = CA5FD2D429CA6A3300E87463 /* DefineMessageView.swift */; };
		CA5FD2D929CA6E9700E87463 /* NavigationViewModel.swift in Sources */ = {isa = PBXBuildFile; fileRef = CA5FD2D829CA6E9700E87463 /* NavigationViewModel.swift */; };
		CA7AFEE729C3D8210054D420 /* MessageView.swift in Sources */ = {isa = PBXBuildFile; fileRef = CA7AFEE629C3D8210054D420 /* MessageView.swift */; };
		CA7AFEE929C3D8290054D420 /* EmergencyView.swift in Sources */ = {isa = PBXBuildFile; fileRef = CA7AFEE829C3D8290054D420 /* EmergencyView.swift */; };
		CA7AFEEB29C3D8300054D420 /* PersonItem.swift in Sources */ = {isa = PBXBuildFile; fileRef = CA7AFEEA29C3D8300054D420 /* PersonItem.swift */; };
		CAD316FC29BA913E00638C6C /* HomeView.swift in Sources */ = {isa = PBXBuildFile; fileRef = CAD316FB29BA913E00638C6C /* HomeView.swift */; };
		CAD916F529D4C42900DFF1CE /* Contacts.xcdatamodeld in Sources */ = {isa = PBXBuildFile; fileRef = CAD916F329D4C42900DFF1CE /* Contacts.xcdatamodeld */; };
		CAD916F729D4C47300DFF1CE /* DataController.swift in Sources */ = {isa = PBXBuildFile; fileRef = CAD916F629D4C47300DFF1CE /* DataController.swift */; };
		CAD916F929D4CA8D00DFF1CE /* ContactRow.swift in Sources */ = {isa = PBXBuildFile; fileRef = CAD916F829D4CA8D00DFF1CE /* ContactRow.swift */; };
		CAFB897829CD0C2500690756 /* LocationViewModel.swift in Sources */ = {isa = PBXBuildFile; fileRef = CAFB897729CD0C2500690756 /* LocationViewModel.swift */; };
/* End PBXBuildFile section */

/* Begin PBXFileReference section */
		A8033FFA29C13DE1007FA9EF /* SeleccionarContactosView.swift */ = {isa = PBXFileReference; fileEncoding = 4; lastKnownFileType = sourcecode.swift; path = SeleccionarContactosView.swift; sourceTree = "<group>"; };
		A87FF99A29CA66E8001CB328 /* RegisterView.swift */ = {isa = PBXFileReference; fileEncoding = 4; lastKnownFileType = sourcecode.swift; path = RegisterView.swift; sourceTree = "<group>"; };
		A897CE0D29B7FE3F00BE3E5C /* Panic Button.app */ = {isa = PBXFileReference; explicitFileType = wrapper.application; includeInIndex = 0; path = "Panic Button.app"; sourceTree = BUILT_PRODUCTS_DIR; };
		A897CE1029B7FE3F00BE3E5C /* Panic_ButtonApp.swift */ = {isa = PBXFileReference; lastKnownFileType = sourcecode.swift; path = Panic_ButtonApp.swift; sourceTree = "<group>"; };
		A897CE1229B7FE3F00BE3E5C /* ContentView.swift */ = {isa = PBXFileReference; lastKnownFileType = sourcecode.swift; path = ContentView.swift; sourceTree = "<group>"; };
		A897CE1429B7FE4000BE3E5C /* Assets.xcassets */ = {isa = PBXFileReference; lastKnownFileType = folder.assetcatalog; path = Assets.xcassets; sourceTree = "<group>"; };
		A897CE1729B7FE4000BE3E5C /* Preview Assets.xcassets */ = {isa = PBXFileReference; lastKnownFileType = folder.assetcatalog; path = "Preview Assets.xcassets"; sourceTree = "<group>"; };
		A8EAC66529EF607E0035E706 /* K44XEWK-alarm-fire-alarm-buzzer-01.mp3 */ = {isa = PBXFileReference; lastKnownFileType = audio.mp3; path = "K44XEWK-alarm-fire-alarm-buzzer-01.mp3"; sourceTree = "<group>"; };
		A8EFB40A29BAA54E00B5C742 /* PermissionsView.swift */ = {isa = PBXFileReference; lastKnownFileType = sourcecode.swift; path = PermissionsView.swift; sourceTree = "<group>"; };
		CA4F35D229D3A96C00C66AC8 /* ContactsViewModel.swift */ = {isa = PBXFileReference; lastKnownFileType = sourcecode.swift; path = ContactsViewModel.swift; sourceTree = "<group>"; };
		CA4F35D429D3ABED00C66AC8 /* Panic-Button-Info.plist */ = {isa = PBXFileReference; lastKnownFileType = text.plist; path = "Panic-Button-Info.plist"; sourceTree = SOURCE_ROOT; };
		CA5FD2D229CA678F00E87463 /* CustomField.swift */ = {isa = PBXFileReference; lastKnownFileType = sourcecode.swift; path = CustomField.swift; sourceTree = "<group>"; };
		CA5FD2D429CA6A3300E87463 /* DefineMessageView.swift */ = {isa = PBXFileReference; lastKnownFileType = sourcecode.swift; path = DefineMessageView.swift; sourceTree = "<group>"; };
		CA5FD2D829CA6E9700E87463 /* NavigationViewModel.swift */ = {isa = PBXFileReference; lastKnownFileType = sourcecode.swift; path = NavigationViewModel.swift; sourceTree = "<group>"; };
		CA7AFEE629C3D8210054D420 /* MessageView.swift */ = {isa = PBXFileReference; lastKnownFileType = sourcecode.swift; path = MessageView.swift; sourceTree = "<group>"; };
		CA7AFEE829C3D8290054D420 /* EmergencyView.swift */ = {isa = PBXFileReference; lastKnownFileType = sourcecode.swift; path = EmergencyView.swift; sourceTree = "<group>"; };
		CA7AFEEA29C3D8300054D420 /* PersonItem.swift */ = {isa = PBXFileReference; lastKnownFileType = sourcecode.swift; path = PersonItem.swift; sourceTree = "<group>"; };
		CAD316FB29BA913E00638C6C /* HomeView.swift */ = {isa = PBXFileReference; lastKnownFileType = sourcecode.swift; path = HomeView.swift; sourceTree = "<group>"; };
		CAD916F429D4C42900DFF1CE /* Contacts.xcdatamodel */ = {isa = PBXFileReference; lastKnownFileType = wrapper.xcdatamodel; path = Contacts.xcdatamodel; sourceTree = "<group>"; };
		CAD916F629D4C47300DFF1CE /* DataController.swift */ = {isa = PBXFileReference; lastKnownFileType = sourcecode.swift; path = DataController.swift; sourceTree = "<group>"; };
		CAD916F829D4CA8D00DFF1CE /* ContactRow.swift */ = {isa = PBXFileReference; lastKnownFileType = sourcecode.swift; path = ContactRow.swift; sourceTree = "<group>"; };
		CAFB897729CD0C2500690756 /* LocationViewModel.swift */ = {isa = PBXFileReference; lastKnownFileType = sourcecode.swift; path = LocationViewModel.swift; sourceTree = "<group>"; };
/* End PBXFileReference section */

/* Begin PBXFrameworksBuildPhase section */
		A897CE0A29B7FE3F00BE3E5C /* Frameworks */ = {
			isa = PBXFrameworksBuildPhase;
			buildActionMask = 2147483647;
			files = (
			);
			runOnlyForDeploymentPostprocessing = 0;
		};
/* End PBXFrameworksBuildPhase section */

/* Begin PBXGroup section */
		A897CE0429B7FE3F00BE3E5C = {
			isa = PBXGroup;
			children = (
				A897CE0F29B7FE3F00BE3E5C /* Panic Button */,
				A897CE0E29B7FE3F00BE3E5C /* Products */,
			);
			sourceTree = "<group>";
		};
		A897CE0E29B7FE3F00BE3E5C /* Products */ = {
			isa = PBXGroup;
			children = (
				A897CE0D29B7FE3F00BE3E5C /* Panic Button.app */,
			);
			name = Products;
			sourceTree = "<group>";
		};
		A897CE0F29B7FE3F00BE3E5C /* Panic Button */ = {
			isa = PBXGroup;
			children = (
				A8EAC66729EF60860035E706 /* Files */,
				CA4F35D429D3ABED00C66AC8 /* Panic-Button-Info.plist */,
				A897CE1029B7FE3F00BE3E5C /* Panic_ButtonApp.swift */,
				A897CE1229B7FE3F00BE3E5C /* ContentView.swift */,
				CAD916FA29D4CB9000DFF1CE /* Core Data */,
				CA4F35D129D3A95C00C66AC8 /* View Models */,
				CA5FD2D629CA6DFE00E87463 /* Views */,
				CA5FD2D729CA6E0700E87463 /* Items */,
				A897CE1429B7FE4000BE3E5C /* Assets.xcassets */,
				A897CE1629B7FE4000BE3E5C /* Preview Content */,
			);
			path = "Panic Button";
			sourceTree = "<group>";
		};
		A897CE1629B7FE4000BE3E5C /* Preview Content */ = {
			isa = PBXGroup;
			children = (
				A897CE1729B7FE4000BE3E5C /* Preview Assets.xcassets */,
			);
			path = "Preview Content";
			sourceTree = "<group>";
		};
		A8EAC66729EF60860035E706 /* Files */ = {
			isa = PBXGroup;
			children = (
				A8EAC66529EF607E0035E706 /* K44XEWK-alarm-fire-alarm-buzzer-01.mp3 */,
			);
			path = Files;
			sourceTree = "<group>";
		};
		CA4F35D129D3A95C00C66AC8 /* View Models */ = {
			isa = PBXGroup;
			children = (
				CA5FD2D829CA6E9700E87463 /* NavigationViewModel.swift */,
				CAFB897729CD0C2500690756 /* LocationViewModel.swift */,
				CA4F35D229D3A96C00C66AC8 /* ContactsViewModel.swift */,
			);
			path = "View Models";
			sourceTree = "<group>";
		};
		CA5FD2D629CA6DFE00E87463 /* Views */ = {
			isa = PBXGroup;
			children = (
				CAD316FB29BA913E00638C6C /* HomeView.swift */,
				CA7AFEE629C3D8210054D420 /* MessageView.swift */,
				CA7AFEE829C3D8290054D420 /* EmergencyView.swift */,
				CA5FD2DA29CA6FE600E87463 /* Onboarding */,
			);
			path = Views;
			sourceTree = "<group>";
		};
		CA5FD2D729CA6E0700E87463 /* Items */ = {
			isa = PBXGroup;
			children = (
				CA7AFEEA29C3D8300054D420 /* PersonItem.swift */,
				CA5FD2D229CA678F00E87463 /* CustomField.swift */,
				CAD916F829D4CA8D00DFF1CE /* ContactRow.swift */,
			);
			path = Items;
			sourceTree = "<group>";
		};
		CA5FD2DA29CA6FE600E87463 /* Onboarding */ = {
			isa = PBXGroup;
			children = (
				A87FF99A29CA66E8001CB328 /* RegisterView.swift */,
				CA5FD2D429CA6A3300E87463 /* DefineMessageView.swift */,
				A8EFB40A29BAA54E00B5C742 /* PermissionsView.swift */,
				A8033FFA29C13DE1007FA9EF /* SeleccionarContactosView.swift */,
			);
			path = Onboarding;
			sourceTree = "<group>";
		};
		CAD916FA29D4CB9000DFF1CE /* Core Data */ = {
			isa = PBXGroup;
			children = (
				CAD916F329D4C42900DFF1CE /* Contacts.xcdatamodeld */,
				CAD916F629D4C47300DFF1CE /* DataController.swift */,
			);
			path = "Core Data";
			sourceTree = "<group>";
		};
/* End PBXGroup section */

/* Begin PBXNativeTarget section */
		A897CE0C29B7FE3F00BE3E5C /* Panic Button */ = {
			isa = PBXNativeTarget;
			buildConfigurationList = A897CE1B29B7FE4000BE3E5C /* Build configuration list for PBXNativeTarget "Panic Button" */;
			buildPhases = (
				A897CE0929B7FE3F00BE3E5C /* Sources */,
				A897CE0A29B7FE3F00BE3E5C /* Frameworks */,
				A897CE0B29B7FE3F00BE3E5C /* Resources */,
			);
			buildRules = (
			);
			dependencies = (
			);
			name = "Panic Button";
			productName = "Panic Button";
			productReference = A897CE0D29B7FE3F00BE3E5C /* Panic Button.app */;
			productType = "com.apple.product-type.application";
		};
/* End PBXNativeTarget section */

/* Begin PBXProject section */
		A897CE0529B7FE3F00BE3E5C /* Project object */ = {
			isa = PBXProject;
			attributes = {
				BuildIndependentTargetsInParallel = 1;
				LastSwiftUpdateCheck = 1330;
				LastUpgradeCheck = 1330;
				TargetAttributes = {
					A897CE0C29B7FE3F00BE3E5C = {
						CreatedOnToolsVersion = 13.3;
					};
				};
			};
			buildConfigurationList = A897CE0829B7FE3F00BE3E5C /* Build configuration list for PBXProject "Panic Button" */;
			compatibilityVersion = "Xcode 13.0";
			developmentRegion = en;
			hasScannedForEncodings = 0;
			knownRegions = (
				en,
				Base,
			);
			mainGroup = A897CE0429B7FE3F00BE3E5C;
			productRefGroup = A897CE0E29B7FE3F00BE3E5C /* Products */;
			projectDirPath = "";
			projectRoot = "";
			targets = (
				A897CE0C29B7FE3F00BE3E5C /* Panic Button */,
			);
		};
/* End PBXProject section */

/* Begin PBXResourcesBuildPhase section */
		A897CE0B29B7FE3F00BE3E5C /* Resources */ = {
			isa = PBXResourcesBuildPhase;
			buildActionMask = 2147483647;
			files = (
				A897CE1829B7FE4000BE3E5C /* Preview Assets.xcassets in Resources */,
				A8EAC66629EF607E0035E706 /* K44XEWK-alarm-fire-alarm-buzzer-01.mp3 in Resources */,
				A897CE1529B7FE4000BE3E5C /* Assets.xcassets in Resources */,
			);
			runOnlyForDeploymentPostprocessing = 0;
		};
/* End PBXResourcesBuildPhase section */

/* Begin PBXSourcesBuildPhase section */
		A897CE0929B7FE3F00BE3E5C /* Sources */ = {
			isa = PBXSourcesBuildPhase;
			buildActionMask = 2147483647;
			files = (
				CA5FD2D929CA6E9700E87463 /* NavigationViewModel.swift in Sources */,
				A87FF99B29CA66E8001CB328 /* RegisterView.swift in Sources */,
				CA7AFEE729C3D8210054D420 /* MessageView.swift in Sources */,
				CA4F35D329D3A96C00C66AC8 /* ContactsViewModel.swift in Sources */,
				CA7AFEEB29C3D8300054D420 /* PersonItem.swift in Sources */,
				A897CE1329B7FE3F00BE3E5C /* ContentView.swift in Sources */,
				CAD316FC29BA913E00638C6C /* HomeView.swift in Sources */,
				CA7AFEE929C3D8290054D420 /* EmergencyView.swift in Sources */,
				A897CE1129B7FE3F00BE3E5C /* Panic_ButtonApp.swift in Sources */,
				CA5FD2D329CA678F00E87463 /* CustomField.swift in Sources */,
				CAFB897829CD0C2500690756 /* LocationViewModel.swift in Sources */,
				CA5FD2D529CA6A3300E87463 /* DefineMessageView.swift in Sources */,
				A8033FFB29C13DE1007FA9EF /* SeleccionarContactosView.swift in Sources */,
				CAD916F729D4C47300DFF1CE /* DataController.swift in Sources */,
				CAD916F929D4CA8D00DFF1CE /* ContactRow.swift in Sources */,
				A8EFB40B29BAA54E00B5C742 /* PermissionsView.swift in Sources */,
				CAD916F529D4C42900DFF1CE /* Contacts.xcdatamodeld in Sources */,
			);
			runOnlyForDeploymentPostprocessing = 0;
		};
/* End PBXSourcesBuildPhase section */

/* Begin XCBuildConfiguration section */
		A897CE1929B7FE4000BE3E5C /* Debug */ = {
			isa = XCBuildConfiguration;
			buildSettings = {
				ALWAYS_SEARCH_USER_PATHS = NO;
				CLANG_ANALYZER_NONNULL = YES;
				CLANG_ANALYZER_NUMBER_OBJECT_CONVERSION = YES_AGGRESSIVE;
				CLANG_CXX_LANGUAGE_STANDARD = "gnu++17";
				CLANG_ENABLE_MODULES = YES;
				CLANG_ENABLE_OBJC_ARC = YES;
				CLANG_ENABLE_OBJC_WEAK = YES;
				CLANG_WARN_BLOCK_CAPTURE_AUTORELEASING = YES;
				CLANG_WARN_BOOL_CONVERSION = YES;
				CLANG_WARN_COMMA = YES;
				CLANG_WARN_CONSTANT_CONVERSION = YES;
				CLANG_WARN_DEPRECATED_OBJC_IMPLEMENTATIONS = YES;
				CLANG_WARN_DIRECT_OBJC_ISA_USAGE = YES_ERROR;
				CLANG_WARN_DOCUMENTATION_COMMENTS = YES;
				CLANG_WARN_EMPTY_BODY = YES;
				CLANG_WARN_ENUM_CONVERSION = YES;
				CLANG_WARN_INFINITE_RECURSION = YES;
				CLANG_WARN_INT_CONVERSION = YES;
				CLANG_WARN_NON_LITERAL_NULL_CONVERSION = YES;
				CLANG_WARN_OBJC_IMPLICIT_RETAIN_SELF = YES;
				CLANG_WARN_OBJC_LITERAL_CONVERSION = YES;
				CLANG_WARN_OBJC_ROOT_CLASS = YES_ERROR;
				CLANG_WARN_QUOTED_INCLUDE_IN_FRAMEWORK_HEADER = YES;
				CLANG_WARN_RANGE_LOOP_ANALYSIS = YES;
				CLANG_WARN_STRICT_PROTOTYPES = YES;
				CLANG_WARN_SUSPICIOUS_MOVE = YES;
				CLANG_WARN_UNGUARDED_AVAILABILITY = YES_AGGRESSIVE;
				CLANG_WARN_UNREACHABLE_CODE = YES;
				CLANG_WARN__DUPLICATE_METHOD_MATCH = YES;
				COPY_PHASE_STRIP = NO;
				DEBUG_INFORMATION_FORMAT = dwarf;
				ENABLE_STRICT_OBJC_MSGSEND = YES;
				ENABLE_TESTABILITY = YES;
				GCC_C_LANGUAGE_STANDARD = gnu11;
				GCC_DYNAMIC_NO_PIC = NO;
				GCC_NO_COMMON_BLOCKS = YES;
				GCC_OPTIMIZATION_LEVEL = 0;
				GCC_PREPROCESSOR_DEFINITIONS = (
					"DEBUG=1",
					"$(inherited)",
				);
				GCC_WARN_64_TO_32_BIT_CONVERSION = YES;
				GCC_WARN_ABOUT_RETURN_TYPE = YES_ERROR;
				GCC_WARN_UNDECLARED_SELECTOR = YES;
				GCC_WARN_UNINITIALIZED_AUTOS = YES_AGGRESSIVE;
				GCC_WARN_UNUSED_FUNCTION = YES;
				GCC_WARN_UNUSED_VARIABLE = YES;
				IPHONEOS_DEPLOYMENT_TARGET = 16.2;
				MTL_ENABLE_DEBUG_INFO = INCLUDE_SOURCE;
				MTL_FAST_MATH = YES;
				ONLY_ACTIVE_ARCH = YES;
				SDKROOT = iphoneos;
				SWIFT_ACTIVE_COMPILATION_CONDITIONS = DEBUG;
				SWIFT_OPTIMIZATION_LEVEL = "-Onone";
			};
			name = Debug;
		};
		A897CE1A29B7FE4000BE3E5C /* Release */ = {
			isa = XCBuildConfiguration;
			buildSettings = {
				ALWAYS_SEARCH_USER_PATHS = NO;
				CLANG_ANALYZER_NONNULL = YES;
				CLANG_ANALYZER_NUMBER_OBJECT_CONVERSION = YES_AGGRESSIVE;
				CLANG_CXX_LANGUAGE_STANDARD = "gnu++17";
				CLANG_ENABLE_MODULES = YES;
				CLANG_ENABLE_OBJC_ARC = YES;
				CLANG_ENABLE_OBJC_WEAK = YES;
				CLANG_WARN_BLOCK_CAPTURE_AUTORELEASING = YES;
				CLANG_WARN_BOOL_CONVERSION = YES;
				CLANG_WARN_COMMA = YES;
				CLANG_WARN_CONSTANT_CONVERSION = YES;
				CLANG_WARN_DEPRECATED_OBJC_IMPLEMENTATIONS = YES;
				CLANG_WARN_DIRECT_OBJC_ISA_USAGE = YES_ERROR;
				CLANG_WARN_DOCUMENTATION_COMMENTS = YES;
				CLANG_WARN_EMPTY_BODY = YES;
				CLANG_WARN_ENUM_CONVERSION = YES;
				CLANG_WARN_INFINITE_RECURSION = YES;
				CLANG_WARN_INT_CONVERSION = YES;
				CLANG_WARN_NON_LITERAL_NULL_CONVERSION = YES;
				CLANG_WARN_OBJC_IMPLICIT_RETAIN_SELF = YES;
				CLANG_WARN_OBJC_LITERAL_CONVERSION = YES;
				CLANG_WARN_OBJC_ROOT_CLASS = YES_ERROR;
				CLANG_WARN_QUOTED_INCLUDE_IN_FRAMEWORK_HEADER = YES;
				CLANG_WARN_RANGE_LOOP_ANALYSIS = YES;
				CLANG_WARN_STRICT_PROTOTYPES = YES;
				CLANG_WARN_SUSPICIOUS_MOVE = YES;
				CLANG_WARN_UNGUARDED_AVAILABILITY = YES_AGGRESSIVE;
				CLANG_WARN_UNREACHABLE_CODE = YES;
				CLANG_WARN__DUPLICATE_METHOD_MATCH = YES;
				COPY_PHASE_STRIP = NO;
				DEBUG_INFORMATION_FORMAT = "dwarf-with-dsym";
				ENABLE_NS_ASSERTIONS = NO;
				ENABLE_STRICT_OBJC_MSGSEND = YES;
				GCC_C_LANGUAGE_STANDARD = gnu11;
				GCC_NO_COMMON_BLOCKS = YES;
				GCC_WARN_64_TO_32_BIT_CONVERSION = YES;
				GCC_WARN_ABOUT_RETURN_TYPE = YES_ERROR;
				GCC_WARN_UNDECLARED_SELECTOR = YES;
				GCC_WARN_UNINITIALIZED_AUTOS = YES_AGGRESSIVE;
				GCC_WARN_UNUSED_FUNCTION = YES;
				GCC_WARN_UNUSED_VARIABLE = YES;
				IPHONEOS_DEPLOYMENT_TARGET = 16.2;
				MTL_ENABLE_DEBUG_INFO = NO;
				MTL_FAST_MATH = YES;
				SDKROOT = iphoneos;
				SWIFT_COMPILATION_MODE = wholemodule;
				SWIFT_OPTIMIZATION_LEVEL = "-O";
				VALIDATE_PRODUCT = YES;
			};
			name = Release;
		};
		A897CE1C29B7FE4000BE3E5C /* Debug */ = {
			isa = XCBuildConfiguration;
			buildSettings = {
				ASSETCATALOG_COMPILER_APPICON_NAME = AppIcon;
				ASSETCATALOG_COMPILER_GLOBAL_ACCENT_COLOR_NAME = AccentColor;
				CODE_SIGN_STYLE = Automatic;
				CURRENT_PROJECT_VERSION = 1;
				DEVELOPMENT_ASSET_PATHS = "\"Panic Button/Preview Content\"";
				DEVELOPMENT_TEAM = M9JM7SR7S3;
				ENABLE_PREVIEWS = YES;
				GENERATE_INFOPLIST_FILE = YES;
				INFOPLIST_FILE = "Panic-Button-Info.plist";
				INFOPLIST_KEY_NSContactsUsageDescription = "Necesitamos acceder a tus contactos para poder enviar mensajes";
				INFOPLIST_KEY_NSLocationWhenInUseUsageDescription = "Necesitamos acceso a tu ubicación para mandarla a tus contactos de emergencia";
				INFOPLIST_KEY_UIApplicationSceneManifest_Generation = YES;
				INFOPLIST_KEY_UIApplicationSupportsIndirectInputEvents = YES;
				INFOPLIST_KEY_UILaunchScreen_Generation = YES;
				INFOPLIST_KEY_UISupportedInterfaceOrientations_iPhone = UIInterfaceOrientationPortrait;
				IPHONEOS_DEPLOYMENT_TARGET = 16.2;
				LD_RUNPATH_SEARCH_PATHS = (
					"$(inherited)",
					"@executable_path/Frameworks",
				);
				MARKETING_VERSION = 1.0;
				PRODUCT_BUNDLE_IDENTIFIER = "com.ejemplo.Panic-Button";
				PRODUCT_NAME = "$(TARGET_NAME)";
				SUPPORTED_PLATFORMS = "iphoneos iphonesimulator";
				SUPPORTS_MACCATALYST = NO;
				SUPPORTS_MAC_DESIGNED_FOR_IPHONE_IPAD = NO;
				SWIFT_EMIT_LOC_STRINGS = YES;
				SWIFT_VERSION = 5.0;
				TARGETED_DEVICE_FAMILY = 1;
			};
			name = Debug;
		};
		A897CE1D29B7FE4000BE3E5C /* Release */ = {
			isa = XCBuildConfiguration;
			buildSettings = {
				ASSETCATALOG_COMPILER_APPICON_NAME = AppIcon;
				ASSETCATALOG_COMPILER_GLOBAL_ACCENT_COLOR_NAME = AccentColor;
				CODE_SIGN_STYLE = Automatic;
				CURRENT_PROJECT_VERSION = 1;
				DEVELOPMENT_ASSET_PATHS = "\"Panic Button/Preview Content\"";
				DEVELOPMENT_TEAM = M9JM7SR7S3;
				ENABLE_PREVIEWS = YES;
				GENERATE_INFOPLIST_FILE = YES;
				INFOPLIST_FILE = "Panic-Button-Info.plist";
				INFOPLIST_KEY_NSContactsUsageDescription = "Necesitamos acceder a tus contactos para poder enviar mensajes";
				INFOPLIST_KEY_NSLocationWhenInUseUsageDescription = "Necesitamos acceso a tu ubicación para mandarla a tus contactos de emergencia";
				INFOPLIST_KEY_UIApplicationSceneManifest_Generation = YES;
				INFOPLIST_KEY_UIApplicationSupportsIndirectInputEvents = YES;
				INFOPLIST_KEY_UILaunchScreen_Generation = YES;
				INFOPLIST_KEY_UISupportedInterfaceOrientations_iPhone = UIInterfaceOrientationPortrait;
				IPHONEOS_DEPLOYMENT_TARGET = 16.2;
				LD_RUNPATH_SEARCH_PATHS = (
					"$(inherited)",
					"@executable_path/Frameworks",
				);
				MARKETING_VERSION = 1.0;
				PRODUCT_BUNDLE_IDENTIFIER = "com.ejemplo.Panic-Button";
				PRODUCT_NAME = "$(TARGET_NAME)";
				SUPPORTED_PLATFORMS = "iphoneos iphonesimulator";
				SUPPORTS_MACCATALYST = NO;
				SUPPORTS_MAC_DESIGNED_FOR_IPHONE_IPAD = NO;
				SWIFT_EMIT_LOC_STRINGS = YES;
				SWIFT_VERSION = 5.0;
				TARGETED_DEVICE_FAMILY = 1;
			};
			name = Release;
		};
/* End XCBuildConfiguration section */

/* Begin XCConfigurationList section */
		A897CE0829B7FE3F00BE3E5C /* Build configuration list for PBXProject "Panic Button" */ = {
			isa = XCConfigurationList;
			buildConfigurations = (
				A897CE1929B7FE4000BE3E5C /* Debug */,
				A897CE1A29B7FE4000BE3E5C /* Release */,
			);
			defaultConfigurationIsVisible = 0;
			defaultConfigurationName = Release;
		};
		A897CE1B29B7FE4000BE3E5C /* Build configuration list for PBXNativeTarget "Panic Button" */ = {
			isa = XCConfigurationList;
			buildConfigurations = (
				A897CE1C29B7FE4000BE3E5C /* Debug */,
				A897CE1D29B7FE4000BE3E5C /* Release */,
			);
			defaultConfigurationIsVisible = 0;
			defaultConfigurationName = Release;
		};
/* End XCConfigurationList section */

/* Begin XCVersionGroup section */
		CAD916F329D4C42900DFF1CE /* Contacts.xcdatamodeld */ = {
			isa = XCVersionGroup;
			children = (
				CAD916F429D4C42900DFF1CE /* Contacts.xcdatamodel */,
			);
			currentVersion = CAD916F429D4C42900DFF1CE /* Contacts.xcdatamodel */;
			path = Contacts.xcdatamodeld;
			sourceTree = "<group>";
			versionGroupType = wrapper.xcdatamodel;
		};
/* End XCVersionGroup section */
	};
	rootObject = A897CE0529B7FE3F00BE3E5C /* Project object */;
}
